
Microsoft Visual Studio Solution File, Format Version 12.00
# Visual Studio Version 16
VisualStudioVersion = 16.0.30011.22
MinimumVisualStudioVersion = 10.0.40219.1
Project("{FAE04EC0-301F-11D3-BF4B-00C04F79EFBC}") = "Cine", "Cine\Cine.csproj", "{BCCC7898-2913-41A0-B6E6-430D58C61205}"
EndProject
Global
	GlobalSection(SolutionConfigurationPlatforms) = preSolution
		Debug|Any CPU = Debug|Any CPU
		Release|Any CPU = Release|Any CPU
	EndGlobalSection
	GlobalSection(ProjectConfigurationPlatforms) = postSolution
		{BCCC7898-2913-41A0-B6E6-430D58C61205}.Debug|Any CPU.ActiveCfg = Debug|Any CPU
		{BCCC7898-2913-41A0-B6E6-430D58C61205}.Debug|Any CPU.Build.0 = Debug|Any CPU
		{BCCC7898-2913-41A0-B6E6-430D58C61205}.Release|Any CPU.ActiveCfg = Release|Any CPU
		{BCCC7898-2913-41A0-B6E6-430D58C61205}.Release|Any CPU.Build.0 = Release|Any CPU
	EndGlobalSection
	GlobalSection(SolutionProperties) = preSolution
		HideSolutionNode = FALSE
	EndGlobalSection
	GlobalSection(ExtensibilityGlobals) = postSolution
		SolutionGuid = {CBA7B5DB-65D7-4C2E-BD0D-F14B81E6C5BF}
	EndGlobalSection
EndGlobal
